
Microsoft Visual Studio Solution File, Format Version 12.00
# Visual Studio Version 16
VisualStudioVersion = 16.0.30907.101
MinimumVisualStudioVersion = 10.0.40219.1
Project("{FAE04EC0-301F-11D3-BF4B-00C04F79EFBC}") = "TextGame", "TextGame\TextGame.csproj", "{C101D75A-25A9-4139-AE76-8993AA5F6CA2}"
EndProject
Global
	GlobalSection(SolutionConfigurationPlatforms) = preSolution
		Debug|Any CPU = Debug|Any CPU
		Release|Any CPU = Release|Any CPU
	EndGlobalSection
	GlobalSection(ProjectConfigurationPlatforms) = postSolution
		{C101D75A-25A9-4139-AE76-8993AA5F6CA2}.Debug|Any CPU.ActiveCfg = Debug|Any CPU
		{C101D75A-25A9-4139-AE76-8993AA5F6CA2}.Debug|Any CPU.Build.0 = Debug|Any CPU
		{C101D75A-25A9-4139-AE76-8993AA5F6CA2}.Release|Any CPU.ActiveCfg = Release|Any CPU
		{C101D75A-25A9-4139-AE76-8993AA5F6CA2}.Release|Any CPU.Build.0 = Release|Any CPU
	EndGlobalSection
	GlobalSection(SolutionProperties) = preSolution
		HideSolutionNode = FALSE
	EndGlobalSection
	GlobalSection(ExtensibilityGlobals) = postSolution
		SolutionGuid = {B743569B-66F6-4D8E-A312-7D9C36BC027F}
	EndGlobalSection
EndGlobal
